
Microsoft Visual Studio Solution File, Format Version 12.00
# Visual Studio Version 17
VisualStudioVersion = 17.3.32819.101
MinimumVisualStudioVersion = 10.0.40219.1
Project("{FAE04EC0-301F-11D3-BF4B-00C04F79EFBC}") = "EbayCadastro", "EbayCadastro\EbayCadastro.csproj", "{972800D3-0309-4F33-9DCB-21D436DF6E71}"
EndProject
Project("{54435603-DBB4-11D2-8724-00A0C9A8B90C}") = "EbayCadastroSetup", "EbayCadastroSetup\EbayCadastroSetup.vdproj", "{2842EC24-6DA2-4AE4-8096-1B828C116E43}"
EndProject
Global
	GlobalSection(SolutionConfigurationPlatforms) = preSolution
		Debug|Any CPU = Debug|Any CPU
		Release|Any CPU = Release|Any CPU
	EndGlobalSection
	GlobalSection(ProjectConfigurationPlatforms) = postSolution
		{972800D3-0309-4F33-9DCB-21D436DF6E71}.Debug|Any CPU.ActiveCfg = Debug|Any CPU
		{972800D3-0309-4F33-9DCB-21D436DF6E71}.Debug|Any CPU.Build.0 = Debug|Any CPU
		{972800D3-0309-4F33-9DCB-21D436DF6E71}.Release|Any CPU.ActiveCfg = Release|Any CPU
		{972800D3-0309-4F33-9DCB-21D436DF6E71}.Release|Any CPU.Build.0 = Release|Any CPU
		{2842EC24-6DA2-4AE4-8096-1B828C116E43}.Debug|Any CPU.ActiveCfg = Debug
		{2842EC24-6DA2-4AE4-8096-1B828C116E43}.Release|Any CPU.ActiveCfg = Release
	EndGlobalSection
	GlobalSection(SolutionProperties) = preSolution
		HideSolutionNode = FALSE
	EndGlobalSection
	GlobalSection(ExtensibilityGlobals) = postSolution
		SolutionGuid = {60CEE4D4-64BC-4CD1-8EA2-7368A77DA470}
	EndGlobalSection
EndGlobal
